
Microsoft Visual Studio Solution File, Format Version 12.00
Project("{FAE04EC0-301F-11D3-BF4B-00C04F79EFBC}") = "API", "API\API.csproj", "{BD094DE0-7F81-49BF-86A6-BA003149B4FE}"
EndProject
Project("{FAE04EC0-301F-11D3-BF4B-00C04F79EFBC}") = "Application", "Application\Application.csproj", "{9E2120AA-E58C-4EC1-810E-699A12FE1F1E}"
EndProject
Project("{FAE04EC0-301F-11D3-BF4B-00C04F79EFBC}") = "Domain", "Domain\Domain.csproj", "{8E5E00DB-AE0F-42F1-ADAC-C09DCABA8D3D}"
EndProject
Project("{FAE04EC0-301F-11D3-BF4B-00C04F79EFBC}") = "Persistence", "Persistence\Persistence.csproj", "{20B637D3-CF54-48A3-B6F2-2DA4558E1BDF}"
EndProject
Project("{FAE04EC0-301F-11D3-BF4B-00C04F79EFBC}") = "Infrastructure", "Infrastructure\Infrastructure.csproj", "{E34E289F-2D30-4FD6-B465-A3CE0A2AFBAF}"
EndProject
Global
	GlobalSection(SolutionConfigurationPlatforms) = preSolution
		Debug|Any CPU = Debug|Any CPU
		Release|Any CPU = Release|Any CPU
	EndGlobalSection
	GlobalSection(ProjectConfigurationPlatforms) = postSolution
		{BD094DE0-7F81-49BF-86A6-BA003149B4FE}.Debug|Any CPU.ActiveCfg = Debug|Any CPU
		{BD094DE0-7F81-49BF-86A6-BA003149B4FE}.Debug|Any CPU.Build.0 = Debug|Any CPU
		{BD094DE0-7F81-49BF-86A6-BA003149B4FE}.Release|Any CPU.ActiveCfg = Release|Any CPU
		{BD094DE0-7F81-49BF-86A6-BA003149B4FE}.Release|Any CPU.Build.0 = Release|Any CPU
		{9E2120AA-E58C-4EC1-810E-699A12FE1F1E}.Debug|Any CPU.ActiveCfg = Debug|Any CPU
		{9E2120AA-E58C-4EC1-810E-699A12FE1F1E}.Debug|Any CPU.Build.0 = Debug|Any CPU
		{9E2120AA-E58C-4EC1-810E-699A12FE1F1E}.Release|Any CPU.ActiveCfg = Release|Any CPU
		{9E2120AA-E58C-4EC1-810E-699A12FE1F1E}.Release|Any CPU.Build.0 = Release|Any CPU
		{8E5E00DB-AE0F-42F1-ADAC-C09DCABA8D3D}.Debug|Any CPU.ActiveCfg = Debug|Any CPU
		{8E5E00DB-AE0F-42F1-ADAC-C09DCABA8D3D}.Debug|Any CPU.Build.0 = Debug|Any CPU
		{8E5E00DB-AE0F-42F1-ADAC-C09DCABA8D3D}.Release|Any CPU.ActiveCfg = Release|Any CPU
		{8E5E00DB-AE0F-42F1-ADAC-C09DCABA8D3D}.Release|Any CPU.Build.0 = Release|Any CPU
		{20B637D3-CF54-48A3-B6F2-2DA4558E1BDF}.Debug|Any CPU.ActiveCfg = Debug|Any CPU
		{20B637D3-CF54-48A3-B6F2-2DA4558E1BDF}.Debug|Any CPU.Build.0 = Debug|Any CPU
		{20B637D3-CF54-48A3-B6F2-2DA4558E1BDF}.Release|Any CPU.ActiveCfg = Release|Any CPU
		{20B637D3-CF54-48A3-B6F2-2DA4558E1BDF}.Release|Any CPU.Build.0 = Release|Any CPU
		{E34E289F-2D30-4FD6-B465-A3CE0A2AFBAF}.Debug|Any CPU.ActiveCfg = Debug|Any CPU
		{E34E289F-2D30-4FD6-B465-A3CE0A2AFBAF}.Debug|Any CPU.Build.0 = Debug|Any CPU
		{E34E289F-2D30-4FD6-B465-A3CE0A2AFBAF}.Release|Any CPU.ActiveCfg = Release|Any CPU
		{E34E289F-2D30-4FD6-B465-A3CE0A2AFBAF}.Release|Any CPU.Build.0 = Release|Any CPU
	EndGlobalSection
EndGlobal
